{
    
  "name": "flags_to_markdown_converter",
    
  "lockfileVersion": 3,
    
  "requires": true,
    
  "packages": {
    
      
  "": {
    
      
      
  "dependencies": {
    
      
      
      
  "@buf/bazel_bazel.bufbuild_es": "^2.10.1-20251112223041-697bc75dbe09.1"
    
      
      
  }
    
      
  },
    
      
  "node_modules/@buf/bazel_bazel.bufbuild_es": {
    
      
      
  "version": "2.10.1-20251112223041-697bc75dbe09.1",
    
      
      
  "resolved": "https://buf.build/gen/npm/v1/@buf/bazel_bazel.bufbuild_es/-/bazel_bazel.bufbuild_es-2.10.1-20251112223041-697bc75dbe09.1.tgz",
    
      
      
  "peerDependencies": {
    
      
      
      
  "@bufbuild/protobuf": "^2.10.1"
    
      
      
  }
    
      
  },
    
      
  "node_modules/@bufbuild/protobuf": {
    
      
      
  "version": "2.10.1",
    
      
      
  "resolved": "https://registry.npmjs.org/@bufbuild/protobuf/-/protobuf-2.10.1.tgz",
    
      
      
  "integrity": "sha512-ckS3+vyJb5qGpEYv/s1OebUHDi/xSNtfgw1wqKZo7MR9F2z+qXr0q5XagafAG/9O0QPVIUfST0smluYSTpYFkg==",
    
      
      
  "license": "(Apache-2.0 AND BSD-3-Clause)",
    
      
      
  "peer": true
    
      
  }
    
  }
}
